// !$*UTF8*$!
{
	archiveVersion = 1;
	classes = {
	};
	objectVersion = 46;
	objects = {

/* Begin PBXBuildFile section */
		60F0CA701F0FA3010092EDE0 /* AppDelegate.swift in Sources */ = {isa = PBXBuildFile; fileRef = 60F0CA6F1F0FA3010092EDE0 /* AppDelegate.swift */; };
		60F0CA721F0FA3010092EDE0 /* ViewController.swift in Sources */ = {isa = PBXBuildFile; fileRef = 60F0CA711F0FA3010092EDE0 /* ViewController.swift */; };
		60F0CA741F0FA3010092EDE0 /* Assets.xcassets in Resources */ = {isa = PBXBuildFile; fileRef = 60F0CA731F0FA3010092EDE0 /* Assets.xcassets */; };
		60F0CA771F0FA3010092EDE0 /* Main.storyboard in Resources */ = {isa = PBXBuildFile; fileRef = 60F0CA751F0FA3010092EDE0 /* Main.storyboard */; };
		60F0CA821F0FA3010092EDE0 /* EggTimerTests.swift in Sources */ = {isa = PBXBuildFile; fileRef = 60F0CA811F0FA3010092EDE0 /* EggTimerTests.swift */; };
		60F0CA8D1F0FA3010092EDE0 /* EggTimerUITests.swift in Sources */ = {isa = PBXBuildFile; fileRef = 60F0CA8C1F0FA3010092EDE0 /* EggTimerUITests.swift */; };
		60F0CA9B1F0FDCC80092EDE0 /* PrefsViewController.swift in Sources */ = {isa = PBXBuildFile; fileRef = 60F0CA9A1F0FDCC80092EDE0 /* PrefsViewController.swift */; };
		60F0CAA51F1081130092EDE0 /* EggTimer.swift in Sources */ = {isa = PBXBuildFile; fileRef = 60F0CAA41F1081130092EDE0 /* EggTimer.swift */; };
		60F0CAA91F10E41D0092EDE0 /* Preferences.swift in Sources */ = {isa = PBXBuildFile; fileRef = 60F0CAA81F10E41D0092EDE0 /* Preferences.swift */; };
		60F0CAAB1F10F2250092EDE0 /* ding.mp3 in Resources */ = {isa = PBXBuildFile; fileRef = 60F0CAAA1F10F2250092EDE0 /* ding.mp3 */; };
/* End PBXBuildFile section */

/* Begin PBXContainerItemProxy section */
		60F0CA7E1F0FA3010092EDE0 /* PBXContainerItemProxy */ = {
			isa = PBXContainerItemProxy;
			containerPortal = 60F0CA641F0FA3010092EDE0 /* Project object */;
			proxyType = 1;
			remoteGlobalIDString = 60F0CA6B1F0FA3010092EDE0;
			remoteInfo = EggTimer;
		};
		60F0CA891F0FA3010092EDE0 /* PBXContainerItemProxy */ = {
			isa = PBXContainerItemProxy;
			containerPortal = 60F0CA641F0FA3010092EDE0 /* Project object */;
			proxyType = 1;
			remoteGlobalIDString = 60F0CA6B1F0FA3010092EDE0;
			remoteInfo = EggTimer;
		};
/* End PBXContainerItemProxy section */

/* Begin PBXFileReference section */
		60F0CA6C1F0FA3010092EDE0 /* EggTimer.app */ = {isa = PBXFileReference; explicitFileType = wrapper.application; includeInIndex = 0; path = EggTimer.app; sourceTree = BUILT_PRODUCTS_DIR; };
		60F0CA6F1F0FA3010092EDE0 /* AppDelegate.swift */ = {isa = PBXFileReference; lastKnownFileType = sourcecode.swift; path = AppDelegate.swift; sourceTree = "<group>"; };
		60F0CA711F0FA3010092EDE0 /* ViewController.swift */ = {isa = PBXFileReference; lastKnownFileType = sourcecode.swift; path = ViewController.swift; sourceTree = "<group>"; };
		60F0CA731F0FA3010092EDE0 /* Assets.xcassets */ = {isa = PBXFileReference; lastKnownFileType = folder.assetcatalog; path = Assets.xcassets; sourceTree = "<group>"; };
		60F0CA761F0FA3010092EDE0 /* Base */ = {isa = PBXFileReference; lastKnownFileType = file.storyboard; name = Base; path = Base.lproj/Main.storyboard; sourceTree = "<group>"; };
		60F0CA781F0FA3010092EDE0 /* Info.plist */ = {isa = PBXFileReference; lastKnownFileType = text.plist.xml; path = Info.plist; sourceTree = "<group>"; };
		60F0CA7D1F0FA3010092EDE0 /* EggTimerTests.xctest */ = {isa = PBXFileReference; explicitFileType = wrapper.cfbundle; includeInIndex = 0; path = EggTimerTests.xctest; sourceTree = BUILT_PRODUCTS_DIR; };
		60F0CA811F0FA3010092EDE0 /* EggTimerTests.swift */ = {isa = PBXFileReference; lastKnownFileType = sourcecode.swift; path = EggTimerTests.swift; sourceTree = "<group>"; };
		60F0CA831F0FA3010092EDE0 /* Info.plist */ = {isa = PBXFileReference; lastKnownFileType = text.plist.xml; path = Info.plist; sourceTree = "<group>"; };
		60F0CA881F0FA3010092EDE0 /* EggTimerUITests.xctest */ = {isa = PBXFileReference; explicitFileType = wrapper.cfbundle; includeInIndex = 0; path = EggTimerUITests.xctest; sourceTree = BUILT_PRODUCTS_DIR; };
		60F0CA8C1F0FA3010092EDE0 /* EggTimerUITests.swift */ = {isa = PBXFileReference; lastKnownFileType = sourcecode.swift; path = EggTimerUITests.swift; sourceTree = "<group>"; };
		60F0CA8E1F0FA3010092EDE0 /* Info.plist */ = {isa = PBXFileReference; lastKnownFileType = text.plist.xml; path = Info.plist; sourceTree = "<group>"; };
		60F0CA9A1F0FDCC80092EDE0 /* PrefsViewController.swift */ = {isa = PBXFileReference; fileEncoding = 4; lastKnownFileType = sourcecode.swift; path = PrefsViewController.swift; sourceTree = "<group>"; };
		60F0CA9C1F0FE43C0092EDE0 /* EggTimer.entitlements */ = {isa = PBXFileReference; lastKnownFileType = text.plist.entitlements; path = EggTimer.entitlements; sourceTree = "<group>"; };
		60F0CAA41F1081130092EDE0 /* EggTimer.swift */ = {isa = PBXFileReference; fileEncoding = 4; lastKnownFileType = sourcecode.swift; path = EggTimer.swift; sourceTree = "<group>"; };
		60F0CAA81F10E41D0092EDE0 /* Preferences.swift */ = {isa = PBXFileReference; fileEncoding = 4; lastKnownFileType = sourcecode.swift; path = Preferences.swift; sourceTree = "<group>"; };
		60F0CAAA1F10F2250092EDE0 /* ding.mp3 */ = {isa = PBXFileReference; lastKnownFileType = audio.mp3; path = ding.mp3; sourceTree = "<group>"; };
/* End PBXFileReference section */

/* Begin PBXFrameworksBuildPhase section */
		60F0CA691F0FA3010092EDE0 /* Frameworks */ = {
			isa = PBXFrameworksBuildPhase;
			buildActionMask = 2147483647;
			files = (
			);
			runOnlyForDeploymentPostprocessing = 0;
		};
		60F0CA7A1F0FA3010092EDE0 /* Frameworks */ = {
			isa = PBXFrameworksBuildPhase;
			buildActionMask = 2147483647;
			files = (
			);
			runOnlyForDeploymentPostprocessing = 0;
		};
		60F0CA851F0FA3010092EDE0 /* Frameworks */ = {
			isa = PBXFrameworksBuildPhase;
			buildActionMask = 2147483647;
			files = (
			);
			runOnlyForDeploymentPostprocessing = 0;
		};
/* End PBXFrameworksBuildPhase section */

/* Begin PBXGroup section */
		60F0CA631F0FA3010092EDE0 = {
			isa = PBXGroup;
			children = (
				60F0CA6E1F0FA3010092EDE0 /* EggTimer */,
				60F0CA801F0FA3010092EDE0 /* EggTimerTests */,
				60F0CA8B1F0FA3010092EDE0 /* EggTimerUITests */,
				60F0CA6D1F0FA3010092EDE0 /* Products */,
			);
			sourceTree = "<group>";
		};
		60F0CA6D1F0FA3010092EDE0 /* Products */ = {
			isa = PBXGroup;
			children = (
				60F0CA6C1F0FA3010092EDE0 /* EggTimer.app */,
				60F0CA7D1F0FA3010092EDE0 /* EggTimerTests.xctest */,
				60F0CA881F0FA3010092EDE0 /* EggTimerUITests.xctest */,
			);
			name = Products;
			sourceTree = "<group>";
		};
		60F0CA6E1F0FA3010092EDE0 /* EggTimer */ = {
			isa = PBXGroup;
			children = (
				60F0CA6F1F0FA3010092EDE0 /* AppDelegate.swift */,
				60F0CAA11F0FEC860092EDE0 /* Supporting Files */,
				60F0CA9E1F0FE4A50092EDE0 /* Model */,
				60F0CA9D1F0FE4730092EDE0 /* View Controllers */,
				60F0CA731F0FA3010092EDE0 /* Assets.xcassets */,
				60F0CA751F0FA3010092EDE0 /* Main.storyboard */,
				60F0CAAA1F10F2250092EDE0 /* ding.mp3 */,
			);
			path = EggTimer;
			sourceTree = "<group>";
		};
		60F0CA801F0FA3010092EDE0 /* EggTimerTests */ = {
			isa = PBXGroup;
			children = (
				60F0CA811F0FA3010092EDE0 /* EggTimerTests.swift */,
				60F0CA831F0FA3010092EDE0 /* Info.plist */,
			);
			path = EggTimerTests;
			sourceTree = "<group>";
		};
		60F0CA8B1F0FA3010092EDE0 /* EggTimerUITests */ = {
			isa = PBXGroup;
			children = (
				60F0CA8C1F0FA3010092EDE0 /* EggTimerUITests.swift */,
				60F0CA8E1F0FA3010092EDE0 /* Info.plist */,
			);
			path = EggTimerUITests;
			sourceTree = "<group>";
		};
		60F0CA9D1F0FE4730092EDE0 /* View Controllers */ = {
			isa = PBXGroup;
			children = (
				60F0CA711F0FA3010092EDE0 /* ViewController.swift */,
				60F0CA9A1F0FDCC80092EDE0 /* PrefsViewController.swift */,
			);
			name = "View Controllers";
			sourceTree = "<group>";
		};
		60F0CA9E1F0FE4A50092EDE0 /* Model */ = {
			isa = PBXGroup;
			children = (
				60F0CAA41F1081130092EDE0 /* EggTimer.swift */,
				60F0CAA81F10E41D0092EDE0 /* Preferences.swift */,
			);
			name = Model;
			sourceTree = "<group>";
		};
		60F0CAA11F0FEC860092EDE0 /* Supporting Files */ = {
			isa = PBXGroup;
			children = (
				60F0CA9C1F0FE43C0092EDE0 /* EggTimer.entitlements */,
				60F0CA781F0FA3010092EDE0 /* Info.plist */,
			);
			name = "Supporting Files";
			sourceTree = "<group>";
		};
/* End PBXGroup section */

/* Begin PBXNativeTarget section */
		60F0CA6B1F0FA3010092EDE0 /* EggTimer */ = {
			isa = PBXNativeTarget;
			buildConfigurationList = 60F0CA911F0FA3010092EDE0 /* Build configuration list for PBXNativeTarget "EggTimer" */;
			buildPhases = (
				60F0CA681F0FA3010092EDE0 /* Sources */,
				60F0CA691F0FA3010092EDE0 /* Frameworks */,
				60F0CA6A1F0FA3010092EDE0 /* Resources */,
			);
			buildRules = (
			);
			dependencies = (
			);
			name = EggTimer;
			productName = EggTimer;
			productReference = 60F0CA6C1F0FA3010092EDE0 /* EggTimer.app */;
			productType = "com.apple.product-type.application";
		};
		60F0CA7C1F0FA3010092EDE0 /* EggTimerTests */ = {
			isa = PBXNativeTarget;
			buildConfigurationList = 60F0CA941F0FA3010092EDE0 /* Build configuration list for PBXNativeTarget "EggTimerTests" */;
			buildPhases = (
				60F0CA791F0FA3010092EDE0 /* Sources */,
				60F0CA7A1F0FA3010092EDE0 /* Frameworks */,
				60F0CA7B1F0FA3010092EDE0 /* Resources */,
			);
			buildRules = (
			);
			dependencies = (
				60F0CA7F1F0FA3010092EDE0 /* PBXTargetDependency */,
			);
			name = EggTimerTests;
			productName = EggTimerTests;
			productReference = 60F0CA7D1F0FA3010092EDE0 /* EggTimerTests.xctest */;
			productType = "com.apple.product-type.bundle.unit-test";
		};
		60F0CA871F0FA3010092EDE0 /* EggTimerUITests */ = {
			isa = PBXNativeTarget;
			buildConfigurationList = 60F0CA971F0FA3010092EDE0 /* Build configuration list for PBXNativeTarget "EggTimerUITests" */;
			buildPhases = (
				60F0CA841F0FA3010092EDE0 /* Sources */,
				60F0CA851F0FA3010092EDE0 /* Frameworks */,
				60F0CA861F0FA3010092EDE0 /* Resources */,
			);
			buildRules = (
			);
			dependencies = (
				60F0CA8A1F0FA3010092EDE0 /* PBXTargetDependency */,
			);
			name = EggTimerUITests;
			productName = EggTimerUITests;
			productReference = 60F0CA881F0FA3010092EDE0 /* EggTimerUITests.xctest */;
			productType = "com.apple.product-type.bundle.ui-testing";
		};
/* End PBXNativeTarget section */

/* Begin PBXProject section */
		60F0CA641F0FA3010092EDE0 /* Project object */ = {
			isa = PBXProject;
			attributes = {
				LastSwiftUpdateCheck = 0830;
				LastUpgradeCheck = 0830;
				ORGANIZATIONNAME = liyu;
				TargetAttributes = {
					60F0CA6B1F0FA3010092EDE0 = {
						CreatedOnToolsVersion = 8.3;
						DevelopmentTeam = 268488M67M;
						ProvisioningStyle = Automatic;
						SystemCapabilities = {
							com.apple.Sandbox = {
								enabled = 1;
							};
						};
					};
					60F0CA7C1F0FA3010092EDE0 = {
						CreatedOnToolsVersion = 8.3;
						DevelopmentTeam = 268488M67M;
						ProvisioningStyle = Automatic;
						TestTargetID = 60F0CA6B1F0FA3010092EDE0;
					};
					60F0CA871F0FA3010092EDE0 = {
						CreatedOnToolsVersion = 8.3;
						DevelopmentTeam = 268488M67M;
						ProvisioningStyle = Automatic;
						TestTargetID = 60F0CA6B1F0FA3010092EDE0;
					};
				};
			};
			buildConfigurationList = 60F0CA671F0FA3010092EDE0 /* Build configuration list for PBXProject "EggTimer" */;
			compatibilityVersion = "Xcode 3.2";
			developmentRegion = English;
			hasScannedForEncodings = 0;
			knownRegions = (
				en,
				Base,
			);
			mainGroup = 60F0CA631F0FA3010092EDE0;
			productRefGroup = 60F0CA6D1F0FA3010092EDE0 /* Products */;
			projectDirPath = "";
			projectRoot = "";
			targets = (
				60F0CA6B1F0FA3010092EDE0 /* EggTimer */,
				60F0CA7C1F0FA3010092EDE0 /* EggTimerTests */,
				60F0CA871F0FA3010092EDE0 /* EggTimerUITests */,
			);
		};
/* End PBXProject section */

/* Begin PBXResourcesBuildPhase section */
		60F0CA6A1F0FA3010092EDE0 /* Resources */ = {
			isa = PBXResourcesBuildPhase;
			buildActionMask = 2147483647;
			files = (
				60F0CA741F0FA3010092EDE0 /* Assets.xcassets in Resources */,
				60F0CA771F0FA3010092EDE0 /* Main.storyboard in Resources */,
				60F0CAAB1F10F2250092EDE0 /* ding.mp3 in Resources */,
			);
			runOnlyForDeploymentPostprocessing = 0;
		};
		60F0CA7B1F0FA3010092EDE0 /* Resources */ = {
			isa = PBXResourcesBuildPhase;
			buildActionMask = 2147483647;
			files = (
			);
			runOnlyForDeploymentPostprocessing = 0;
		};
		60F0CA861F0FA3010092EDE0 /* Resources */ = {
			isa = PBXResourcesBuildPhase;
			buildActionMask = 2147483647;
			files = (
			);
			runOnlyForDeploymentPostprocessing = 0;
		};
/* End PBXResourcesBuildPhase section */

/* Begin PBXSourcesBuildPhase section */
		60F0CA681F0FA3010092EDE0 /* Sources */ = {
			isa = PBXSourcesBuildPhase;
			buildActionMask = 2147483647;
			files = (
				60F0CA721F0FA3010092EDE0 /* ViewController.swift in Sources */,
				60F0CAA51F1081130092EDE0 /* EggTimer.swift in Sources */,
				60F0CAA91F10E41D0092EDE0 /* Preferences.swift in Sources */,
				60F0CA9B1F0FDCC80092EDE0 /* PrefsViewController.swift in Sources */,
				60F0CA701F0FA3010092EDE0 /* AppDelegate.swift in Sources */,
			);
			runOnlyForDeploymentPostprocessing = 0;
		};
		60F0CA791F0FA3010092EDE0 /* Sources */ = {
			isa = PBXSourcesBuildPhase;
			buildActionMask = 2147483647;
			files = (
				60F0CA821F0FA3010092EDE0 /* EggTimerTests.swift in Sources */,
			);
			runOnlyForDeploymentPostprocessing = 0;
		};
		60F0CA841F0FA3010092EDE0 /* Sources */ = {
			isa = PBXSourcesBuildPhase;
			buildActionMask = 2147483647;
			files = (
				60F0CA8D1F0FA3010092EDE0 /* EggTimerUITests.swift in Sources */,
			);
			runOnlyForDeploymentPostprocessing = 0;
		};
/* End PBXSourcesBuildPhase section */

/* Begin PBXTargetDependency section */
		60F0CA7F1F0FA3010092EDE0 /* PBXTargetDependency */ = {
			isa = PBXTargetDependency;
			target = 60F0CA6B1F0FA3010092EDE0 /* EggTimer */;
			targetProxy = 60F0CA7E1F0FA3010092EDE0 /* PBXContainerItemProxy */;
		};
		60F0CA8A1F0FA3010092EDE0 /* PBXTargetDependency */ = {
			isa = PBXTargetDependency;
			target = 60F0CA6B1F0FA3010092EDE0 /* EggTimer */;
			targetProxy = 60F0CA891F0FA3010092EDE0 /* PBXContainerItemProxy */;
		};
/* End PBXTargetDependency section */

/* Begin PBXVariantGroup section */
		60F0CA751F0FA3010092EDE0 /* Main.storyboard */ = {
			isa = PBXVariantGroup;
			children = (
				60F0CA761F0FA3010092EDE0 /* Base */,
			);
			name = Main.storyboard;
			sourceTree = "<group>";
		};
/* End PBXVariantGroup section */

/* Begin XCBuildConfiguration section */
		60F0CA8F1F0FA3010092EDE0 /* Debug */ = {
			isa = XCBuildConfiguration;
			buildSettings = {
				ALWAYS_SEARCH_USER_PATHS = NO;
				CLANG_ANALYZER_NONNULL = YES;
				CLANG_ANALYZER_NUMBER_OBJECT_CONVERSION = YES_AGGRESSIVE;
				CLANG_CXX_LANGUAGE_STANDARD = "gnu++0x";
				CLANG_CXX_LIBRARY = "libc++";
				CLANG_ENABLE_MODULES = YES;
				CLANG_ENABLE_OBJC_ARC = YES;
				CLANG_WARN_BOOL_CONVERSION = YES;
				CLANG_WARN_CONSTANT_CONVERSION = YES;
				CLANG_WARN_DIRECT_OBJC_ISA_USAGE = YES_ERROR;
				CLANG_WARN_DOCUMENTATION_COMMENTS = YES;
				CLANG_WARN_EMPTY_BODY = YES;
				CLANG_WARN_ENUM_CONVERSION = YES;
				CLANG_WARN_INFINITE_RECURSION = YES;
				CLANG_WARN_INT_CONVERSION = YES;
				CLANG_WARN_OBJC_ROOT_CLASS = YES_ERROR;
				CLANG_WARN_SUSPICIOUS_MOVE = YES;
				CLANG_WARN_UNREACHABLE_CODE = YES;
				CLANG_WARN__DUPLICATE_METHOD_MATCH = YES;
				CODE_SIGN_IDENTITY = "-";
				COPY_PHASE_STRIP = NO;
				DEBUG_INFORMATION_FORMAT = dwarf;
				ENABLE_STRICT_OBJC_MSGSEND = YES;
				ENABLE_TESTABILITY = YES;
				GCC_C_LANGUAGE_STANDARD = gnu99;
				GCC_DYNAMIC_NO_PIC = NO;
				GCC_NO_COMMON_BLOCKS = YES;
				GCC_OPTIMIZATION_LEVEL = 0;
				GCC_PREPROCESSOR_DEFINITIONS = (
					"DEBUG=1",
					"$(inherited)",
				);
				GCC_WARN_64_TO_32_BIT_CONVERSION = YES;
				GCC_WARN_ABOUT_RETURN_TYPE = YES_ERROR;
				GCC_WARN_UNDECLARED_SELECTOR = YES;
				GCC_WARN_UNINITIALIZED_AUTOS = YES_AGGRESSIVE;
				GCC_WARN_UNUSED_FUNCTION = YES;
				GCC_WARN_UNUSED_VARIABLE = YES;
				MACOSX_DEPLOYMENT_TARGET = 10.12;
				MTL_ENABLE_DEBUG_INFO = YES;
				ONLY_ACTIVE_ARCH = YES;
				SDKROOT = macosx;
				SWIFT_ACTIVE_COMPILATION_CONDITIONS = DEBUG;
				SWIFT_OPTIMIZATION_LEVEL = "-Onone";
			};
			name = Debug;
		};
		60F0CA901F0FA3010092EDE0 /* Release */ = {
			isa = XCBuildConfiguration;
			buildSettings = {
				ALWAYS_SEARCH_USER_PATHS = NO;
				CLANG_ANALYZER_NONNULL = YES;
				CLANG_ANALYZER_NUMBER_OBJECT_CONVERSION = YES_AGGRESSIVE;
				CLANG_CXX_LANGUAGE_STANDARD = "gnu++0x";
				CLANG_CXX_LIBRARY = "libc++";
				CLANG_ENABLE_MODULES = YES;
				CLANG_ENABLE_OBJC_ARC = YES;
				CLANG_WARN_BOOL_CONVERSION = YES;
				CLANG_WARN_CONSTANT_CONVERSION = YES;
				CLANG_WARN_DIRECT_OBJC_ISA_USAGE = YES_ERROR;
				CLANG_WARN_DOCUMENTATION_COMMENTS = YES;
				CLANG_WARN_EMPTY_BODY = YES;
				CLANG_WARN_ENUM_CONVERSION = YES;
				CLANG_WARN_INFINITE_RECURSION = YES;
				CLANG_WARN_INT_CONVERSION = YES;
				CLANG_WARN_OBJC_ROOT_CLASS = YES_ERROR;
				CLANG_WARN_SUSPICIOUS_MOVE = YES;
				CLANG_WARN_UNREACHABLE_CODE = YES;
				CLANG_WARN__DUPLICATE_METHOD_MATCH = YES;
				CODE_SIGN_IDENTITY = "-";
				COPY_PHASE_STRIP = NO;
				DEBUG_INFORMATION_FORMAT = "dwarf-with-dsym";
				ENABLE_NS_ASSERTIONS = NO;
				ENABLE_STRICT_OBJC_MSGSEND = YES;
				GCC_C_LANGUAGE_STANDARD = gnu99;
				GCC_NO_COMMON_BLOCKS = YES;
				GCC_WARN_64_TO_32_BIT_CONVERSION = YES;
				GCC_WARN_ABOUT_RETURN_TYPE = YES_ERROR;
				GCC_WARN_UNDECLARED_SELECTOR = YES;
				GCC_WARN_UNINITIALIZED_AUTOS = YES_AGGRESSIVE;
				GCC_WARN_UNUSED_FUNCTION = YES;
				GCC_WARN_UNUSED_VARIABLE = YES;
				MACOSX_DEPLOYMENT_TARGET = 10.12;
				MTL_ENABLE_DEBUG_INFO = NO;
				SDKROOT = macosx;
				SWIFT_OPTIMIZATION_LEVEL = "-Owholemodule";
			};
			name = Release;
		};
		60F0CA921F0FA3010092EDE0 /* Debug */ = {
			isa = XCBuildConfiguration;
			buildSettings = {
				ASSETCATALOG_COMPILER_APPICON_NAME = AppIcon;
				CODE_SIGN_ENTITLEMENTS = EggTimer/EggTimer.entitlements;
				COMBINE_HIDPI_IMAGES = YES;
				DEVELOPMENT_TEAM = 268488M67M;
				INFOPLIST_FILE = EggTimer/Info.plist;
				LD_RUNPATH_SEARCH_PATHS = "$(inherited) @executable_path/../Frameworks";
				PRODUCT_BUNDLE_IDENTIFIER = liyu.com.EggTimer;
				PRODUCT_NAME = "$(TARGET_NAME)";
				SWIFT_VERSION = 3.0;
			};
			name = Debug;
		};
		60F0CA931F0FA3010092EDE0 /* Release */ = {
			isa = XCBuildConfiguration;
			buildSettings = {
				ASSETCATALOG_COMPILER_APPICON_NAME = AppIcon;
				CODE_SIGN_ENTITLEMENTS = EggTimer/EggTimer.entitlements;
				COMBINE_HIDPI_IMAGES = YES;
				DEVELOPMENT_TEAM = 268488M67M;
				INFOPLIST_FILE = EggTimer/Info.plist;
				LD_RUNPATH_SEARCH_PATHS = "$(inherited) @executable_path/../Frameworks";
				PRODUCT_BUNDLE_IDENTIFIER = liyu.com.EggTimer;
				PRODUCT_NAME = "$(TARGET_NAME)";
				SWIFT_VERSION = 3.0;
			};
			name = Release;
		};
		60F0CA951F0FA3010092EDE0 /* Debug */ = {
			isa = XCBuildConfiguration;
			buildSettings = {
				ALWAYS_EMBED_SWIFT_STANDARD_LIBRARIES = YES;
				BUNDLE_LOADER = "$(TEST_HOST)";
				COMBINE_HIDPI_IMAGES = YES;
				DEVELOPMENT_TEAM = 268488M67M;
				INFOPLIST_FILE = EggTimerTests/Info.plist;
				LD_RUNPATH_SEARCH_PATHS = "$(inherited) @executable_path/../Frameworks @loader_path/../Frameworks";
				PRODUCT_BUNDLE_IDENTIFIER = liyu.com.EggTimerTests;
				PRODUCT_NAME = "$(TARGET_NAME)";
				SWIFT_VERSION = 3.0;
				TEST_HOST = "$(BUILT_PRODUCTS_DIR)/EggTimer.app/Contents/MacOS/EggTimer";
			};
			name = Debug;
		};
		60F0CA961F0FA3010092EDE0 /* Release */ = {
			isa = XCBuildConfiguration;
			buildSettings = {
				ALWAYS_EMBED_SWIFT_STANDARD_LIBRARIES = YES;
				BUNDLE_LOADER = "$(TEST_HOST)";
				COMBINE_HIDPI_IMAGES = YES;
				DEVELOPMENT_TEAM = 268488M67M;
				INFOPLIST_FILE = EggTimerTests/Info.plist;
				LD_RUNPATH_SEARCH_PATHS = "$(inherited) @executable_path/../Frameworks @loader_path/../Frameworks";
				PRODUCT_BUNDLE_IDENTIFIER = liyu.com.EggTimerTests;
				PRODUCT_NAME = "$(TARGET_NAME)";
				SWIFT_VERSION = 3.0;
				TEST_HOST = "$(BUILT_PRODUCTS_DIR)/EggTimer.app/Contents/MacOS/EggTimer";
			};
			name = Release;
		};
		60F0CA981F0FA3010092EDE0 /* Debug */ = {
			isa = XCBuildConfiguration;
			buildSettings = {
				ALWAYS_EMBED_SWIFT_STANDARD_LIBRARIES = YES;
				COMBINE_HIDPI_IMAGES = YES;
				DEVELOPMENT_TEAM = 268488M67M;
				INFOPLIST_FILE = EggTimerUITests/Info.plist;
				LD_RUNPATH_SEARCH_PATHS = "$(inherited) @executable_path/../Frameworks @loader_path/../Frameworks";
				PRODUCT_BUNDLE_IDENTIFIER = liyu.com.EggTimerUITests;
				PRODUCT_NAME = "$(TARGET_NAME)";
				SWIFT_VERSION = 3.0;
				TEST_TARGET_NAME = EggTimer;
			};
			name = Debug;
		};
		60F0CA991F0FA3010092EDE0 /* Release */ = {
			isa = XCBuildConfiguration;
			buildSettings = {
				ALWAYS_EMBED_SWIFT_STANDARD_LIBRARIES = YES;
				COMBINE_HIDPI_IMAGES = YES;
				DEVELOPMENT_TEAM = 268488M67M;
				INFOPLIST_FILE = EggTimerUITests/Info.plist;
				LD_RUNPATH_SEARCH_PATHS = "$(inherited) @executable_path/../Frameworks @loader_path/../Frameworks";
				PRODUCT_BUNDLE_IDENTIFIER = liyu.com.EggTimerUITests;
				PRODUCT_NAME = "$(TARGET_NAME)";
				SWIFT_VERSION = 3.0;
				TEST_TARGET_NAME = EggTimer;
			};
			name = Release;
		};
/* End XCBuildConfiguration section */

/* Begin XCConfigurationList section */
		60F0CA671F0FA3010092EDE0 /* Build configuration list for PBXProject "EggTimer" */ = {
			isa = XCConfigurationList;
			buildConfigurations = (
				60F0CA8F1F0FA3010092EDE0 /* Debug */,
				60F0CA901F0FA3010092EDE0 /* Release */,
			);
			defaultConfigurationIsVisible = 0;
			defaultConfigurationName = Release;
		};
		60F0CA911F0FA3010092EDE0 /* Build configuration list for PBXNativeTarget "EggTimer" */ = {
			isa = XCConfigurationList;
			buildConfigurations = (
				60F0CA921F0FA3010092EDE0 /* Debug */,
				60F0CA931F0FA3010092EDE0 /* Release */,
			);
			defaultConfigurationIsVisible = 0;
			defaultConfigurationName = Release;
		};
		60F0CA941F0FA3010092EDE0 /* Build configuration list for PBXNativeTarget "EggTimerTests" */ = {
			isa = XCConfigurationList;
			buildConfigurations = (
				60F0CA951F0FA3010092EDE0 /* Debug */,
				60F0CA961F0FA3010092EDE0 /* Release */,
			);
			defaultConfigurationIsVisible = 0;
			defaultConfigurationName = Release;
		};
		60F0CA971F0FA3010092EDE0 /* Build configuration list for PBXNativeTarget "EggTimerUITests" */ = {
			isa = XCConfigurationList;
			buildConfigurations = (
				60F0CA981F0FA3010092EDE0 /* Debug */,
				60F0CA991F0FA3010092EDE0 /* Release */,
			);
			defaultConfigurationIsVisible = 0;
			defaultConfigurationName = Release;
		};
/* End XCConfigurationList section */
	};
	rootObject = 60F0CA641F0FA3010092EDE0 /* Project object */;
}
